
Microsoft Visual Studio Solution File, Format Version 12.00
# Visual Studio Version 16
VisualStudioVersion = 16.0.28922.388
MinimumVisualStudioVersion = 10.0.40219.1
Project("{FAE04EC0-301F-11D3-BF4B-00C04F79EFBC}") = "NeuralNetwork", "NeuralNetwork\NeuralNetwork.csproj", "{82711CAC-2779-4EE8-A4F6-674B6EC98EEF}"
EndProject
Global
	GlobalSection(SolutionConfigurationPlatforms) = preSolution
		Debug|Any CPU = Debug|Any CPU
		Release|Any CPU = Release|Any CPU
	EndGlobalSection
	GlobalSection(ProjectConfigurationPlatforms) = postSolution
		{82711CAC-2779-4EE8-A4F6-674B6EC98EEF}.Debug|Any CPU.ActiveCfg = Debug|Any CPU
		{82711CAC-2779-4EE8-A4F6-674B6EC98EEF}.Debug|Any CPU.Build.0 = Debug|Any CPU
		{82711CAC-2779-4EE8-A4F6-674B6EC98EEF}.Release|Any CPU.ActiveCfg = Release|Any CPU
		{82711CAC-2779-4EE8-A4F6-674B6EC98EEF}.Release|Any CPU.Build.0 = Release|Any CPU
	EndGlobalSection
	GlobalSection(SolutionProperties) = preSolution
		HideSolutionNode = FALSE
	EndGlobalSection
	GlobalSection(ExtensibilityGlobals) = postSolution
		SolutionGuid = {84684D83-7E79-4706-A244-11F625AB945F}
	EndGlobalSection
EndGlobal
